
Microsoft Visual Studio Solution File, Format Version 12.00
# Visual Studio 2013
VisualStudioVersion = 12.0.31101.0
MinimumVisualStudioVersion = 10.0.40219.1
Project("{FAE04EC0-301F-11D3-BF4B-00C04F79EFBC}") = "Mapillary", "Mapillary\Mapillary.csproj", "{BF265CAD-370D-451A-AFA5-DF9E7B9F4BDE}"
EndProject
Project("{FAE04EC0-301F-11D3-BF4B-00C04F79EFBC}") = "ExifLibrary.Phone", "Mapillary\wpexiflib\ExifLibrary.Phone.csproj", "{328D8A8C-1F2D-483E-90F9-7ACB3A7840D3}"
EndProject
Project("{2150E333-8FDC-42A3-9474-1A3956D46DE8}") = ".nuget", ".nuget", "{421107A8-2939-4000-80A2-B8B678FE43C0}"
	ProjectSection(SolutionItems) = preProject
		.nuget\NuGet.Config = .nuget\NuGet.Config
	EndProjectSection
EndProject
Global
	GlobalSection(SolutionConfigurationPlatforms) = preSolution
		Debug|Any CPU = Debug|Any CPU
		Debug|ARM = Debug|ARM
		Debug|x86 = Debug|x86
		Release|Any CPU = Release|Any CPU
		Release|ARM = Release|ARM
		Release|x86 = Release|x86
	EndGlobalSection
	GlobalSection(ProjectConfigurationPlatforms) = postSolution
		{BF265CAD-370D-451A-AFA5-DF9E7B9F4BDE}.Debug|Any CPU.ActiveCfg = Debug|Any CPU
		{BF265CAD-370D-451A-AFA5-DF9E7B9F4BDE}.Debug|Any CPU.Build.0 = Debug|Any CPU
		{BF265CAD-370D-451A-AFA5-DF9E7B9F4BDE}.Debug|Any CPU.Deploy.0 = Debug|Any CPU
		{BF265CAD-370D-451A-AFA5-DF9E7B9F4BDE}.Debug|ARM.ActiveCfg = Debug|ARM
		{BF265CAD-370D-451A-AFA5-DF9E7B9F4BDE}.Debug|ARM.Build.0 = Debug|ARM
		{BF265CAD-370D-451A-AFA5-DF9E7B9F4BDE}.Debug|ARM.Deploy.0 = Debug|ARM
		{BF265CAD-370D-451A-AFA5-DF9E7B9F4BDE}.Debug|x86.ActiveCfg = Debug|x86
		{BF265CAD-370D-451A-AFA5-DF9E7B9F4BDE}.Debug|x86.Build.0 = Debug|x86
		{BF265CAD-370D-451A-AFA5-DF9E7B9F4BDE}.Debug|x86.Deploy.0 = Debug|x86
		{BF265CAD-370D-451A-AFA5-DF9E7B9F4BDE}.Release|Any CPU.ActiveCfg = Release|Any CPU
		{BF265CAD-370D-451A-AFA5-DF9E7B9F4BDE}.Release|Any CPU.Build.0 = Release|Any CPU
		{BF265CAD-370D-451A-AFA5-DF9E7B9F4BDE}.Release|Any CPU.Deploy.0 = Release|Any CPU
		{BF265CAD-370D-451A-AFA5-DF9E7B9F4BDE}.Release|ARM.ActiveCfg = Release|ARM
		{BF265CAD-370D-451A-AFA5-DF9E7B9F4BDE}.Release|ARM.Build.0 = Release|ARM
		{BF265CAD-370D-451A-AFA5-DF9E7B9F4BDE}.Release|ARM.Deploy.0 = Release|ARM
		{BF265CAD-370D-451A-AFA5-DF9E7B9F4BDE}.Release|x86.ActiveCfg = Release|x86
		{BF265CAD-370D-451A-AFA5-DF9E7B9F4BDE}.Release|x86.Build.0 = Release|x86
		{BF265CAD-370D-451A-AFA5-DF9E7B9F4BDE}.Release|x86.Deploy.0 = Release|x86
		{328D8A8C-1F2D-483E-90F9-7ACB3A7840D3}.Debug|Any CPU.ActiveCfg = Debug|Any CPU
		{328D8A8C-1F2D-483E-90F9-7ACB3A7840D3}.Debug|Any CPU.Build.0 = Debug|Any CPU
		{328D8A8C-1F2D-483E-90F9-7ACB3A7840D3}.Debug|ARM.ActiveCfg = Debug|ARM
		{328D8A8C-1F2D-483E-90F9-7ACB3A7840D3}.Debug|ARM.Build.0 = Debug|ARM
		{328D8A8C-1F2D-483E-90F9-7ACB3A7840D3}.Debug|x86.ActiveCfg = Debug|x86
		{328D8A8C-1F2D-483E-90F9-7ACB3A7840D3}.Debug|x86.Build.0 = Debug|x86
		{328D8A8C-1F2D-483E-90F9-7ACB3A7840D3}.Release|Any CPU.ActiveCfg = Release|Any CPU
		{328D8A8C-1F2D-483E-90F9-7ACB3A7840D3}.Release|Any CPU.Build.0 = Release|Any CPU
		{328D8A8C-1F2D-483E-90F9-7ACB3A7840D3}.Release|ARM.ActiveCfg = Release|ARM
		{328D8A8C-1F2D-483E-90F9-7ACB3A7840D3}.Release|ARM.Build.0 = Release|ARM
		{328D8A8C-1F2D-483E-90F9-7ACB3A7840D3}.Release|x86.ActiveCfg = Release|x86
		{328D8A8C-1F2D-483E-90F9-7ACB3A7840D3}.Release|x86.Build.0 = Release|x86
	EndGlobalSection
	GlobalSection(SolutionProperties) = preSolution
		HideSolutionNode = FALSE
	EndGlobalSection
EndGlobal
